// !$*UTF8*$!
{
	archiveVersion = 1;
	classes = {
	};
	objectVersion = 46;
	objects = {

/* Begin PBXBuildFile section */
		3CE3747D1BB83E2C00A94BB1 /* AppDelegate.swift in Sources */ = {isa = PBXBuildFile; fileRef = 3CE3747C1BB83E2C00A94BB1 /* AppDelegate.swift */; };
		3CE3747F1BB83E2C00A94BB1 /* ViewController.swift in Sources */ = {isa = PBXBuildFile; fileRef = 3CE3747E1BB83E2C00A94BB1 /* ViewController.swift */; };
		3CE374821BB83E2C00A94BB1 /* Main.storyboard in Resources */ = {isa = PBXBuildFile; fileRef = 3CE374801BB83E2C00A94BB1 /* Main.storyboard */; };
		3CE374841BB83E2C00A94BB1 /* Assets.xcassets in Resources */ = {isa = PBXBuildFile; fileRef = 3CE374831BB83E2C00A94BB1 /* Assets.xcassets */; };
		3CE374871BB83E2C00A94BB1 /* LaunchScreen.storyboard in Resources */ = {isa = PBXBuildFile; fileRef = 3CE374851BB83E2C00A94BB1 /* LaunchScreen.storyboard */; };
		3CE374921BB83E2C00A94BB1 /* TicTacToeTests.swift in Sources */ = {isa = PBXBuildFile; fileRef = 3CE374911BB83E2C00A94BB1 /* TicTacToeTests.swift */; };
		3CE3749D1BB83E2C00A94BB1 /* TicTacToeUITests.swift in Sources */ = {isa = PBXBuildFile; fileRef = 3CE3749C1BB83E2C00A94BB1 /* TicTacToeUITests.swift */; };
		3CE374AB1BB83E5500A94BB1 /* board.png in Resources */ = {isa = PBXBuildFile; fileRef = 3CE374AA1BB83E5500A94BB1 /* board.png */; settings = {ASSET_TAGS = (); }; };
		3CE374AE1BB83E6700A94BB1 /* cross.png in Resources */ = {isa = PBXBuildFile; fileRef = 3CE374AC1BB83E6700A94BB1 /* cross.png */; settings = {ASSET_TAGS = (); }; };
		3CE374AF1BB83E6700A94BB1 /* nought.png in Resources */ = {isa = PBXBuildFile; fileRef = 3CE374AD1BB83E6700A94BB1 /* nought.png */; settings = {ASSET_TAGS = (); }; };
/* End PBXBuildFile section */

/* Begin PBXContainerItemProxy section */
		3CE3748E1BB83E2C00A94BB1 /* PBXContainerItemProxy */ = {
			isa = PBXContainerItemProxy;
			containerPortal = 3CE374711BB83E2C00A94BB1 /* Project object */;
			proxyType = 1;
			remoteGlobalIDString = 3CE374781BB83E2C00A94BB1;
			remoteInfo = TicTacToe;
		};
		3CE374991BB83E2C00A94BB1 /* PBXContainerItemProxy */ = {
			isa = PBXContainerItemProxy;
			containerPortal = 3CE374711BB83E2C00A94BB1 /* Project object */;
			proxyType = 1;
			remoteGlobalIDString = 3CE374781BB83E2C00A94BB1;
			remoteInfo = TicTacToe;
		};
/* End PBXContainerItemProxy section */

/* Begin PBXFileReference section */
		3CE374791BB83E2C00A94BB1 /* TicTacToe.app */ = {isa = PBXFileReference; explicitFileType = wrapper.application; includeInIndex = 0; path = TicTacToe.app; sourceTree = BUILT_PRODUCTS_DIR; };
		3CE3747C1BB83E2C00A94BB1 /* AppDelegate.swift */ = {isa = PBXFileReference; lastKnownFileType = sourcecode.swift; path = AppDelegate.swift; sourceTree = "<group>"; };
		3CE3747E1BB83E2C00A94BB1 /* ViewController.swift */ = {isa = PBXFileReference; lastKnownFileType = sourcecode.swift; path = ViewController.swift; sourceTree = "<group>"; };
		3CE374811BB83E2C00A94BB1 /* Base */ = {isa = PBXFileReference; lastKnownFileType = file.storyboard; name = Base; path = Base.lproj/Main.storyboard; sourceTree = "<group>"; };
		3CE374831BB83E2C00A94BB1 /* Assets.xcassets */ = {isa = PBXFileReference; lastKnownFileType = folder.assetcatalog; path = Assets.xcassets; sourceTree = "<group>"; };
		3CE374861BB83E2C00A94BB1 /* Base */ = {isa = PBXFileReference; lastKnownFileType = file.storyboard; name = Base; path = Base.lproj/LaunchScreen.storyboard; sourceTree = "<group>"; };
		3CE374881BB83E2C00A94BB1 /* Info.plist */ = {isa = PBXFileReference; lastKnownFileType = text.plist.xml; path = Info.plist; sourceTree = "<group>"; };
		3CE3748D1BB83E2C00A94BB1 /* TicTacToeTests.xctest */ = {isa = PBXFileReference; explicitFileType = wrapper.cfbundle; includeInIndex = 0; path = TicTacToeTests.xctest; sourceTree = BUILT_PRODUCTS_DIR; };
		3CE374911BB83E2C00A94BB1 /* TicTacToeTests.swift */ = {isa = PBXFileReference; lastKnownFileType = sourcecode.swift; path = TicTacToeTests.swift; sourceTree = "<group>"; };
		3CE374931BB83E2C00A94BB1 /* Info.plist */ = {isa = PBXFileReference; lastKnownFileType = text.plist.xml; path = Info.plist; sourceTree = "<group>"; };
		3CE374981BB83E2C00A94BB1 /* TicTacToeUITests.xctest */ = {isa = PBXFileReference; explicitFileType = wrapper.cfbundle; includeInIndex = 0; path = TicTacToeUITests.xctest; sourceTree = BUILT_PRODUCTS_DIR; };
		3CE3749C1BB83E2C00A94BB1 /* TicTacToeUITests.swift */ = {isa = PBXFileReference; lastKnownFileType = sourcecode.swift; path = TicTacToeUITests.swift; sourceTree = "<group>"; };
		3CE3749E1BB83E2C00A94BB1 /* Info.plist */ = {isa = PBXFileReference; lastKnownFileType = text.plist.xml; path = Info.plist; sourceTree = "<group>"; };
		3CE374AA1BB83E5500A94BB1 /* board.png */ = {isa = PBXFileReference; lastKnownFileType = image.png; path = board.png; sourceTree = "<group>"; };
		3CE374AC1BB83E6700A94BB1 /* cross.png */ = {isa = PBXFileReference; lastKnownFileType = image.png; path = cross.png; sourceTree = "<group>"; };
		3CE374AD1BB83E6700A94BB1 /* nought.png */ = {isa = PBXFileReference; lastKnownFileType = image.png; path = nought.png; sourceTree = "<group>"; };
/* End PBXFileReference section */

/* Begin PBXFrameworksBuildPhase section */
		3CE374761BB83E2C00A94BB1 /* Frameworks */ = {
			isa = PBXFrameworksBuildPhase;
			buildActionMask = 2147483647;
			files = (
			);
			runOnlyForDeploymentPostprocessing = 0;
		};
		3CE3748A1BB83E2C00A94BB1 /* Frameworks */ = {
			isa = PBXFrameworksBuildPhase;
			buildActionMask = 2147483647;
			files = (
			);
			runOnlyForDeploymentPostprocessing = 0;
		};
		3CE374951BB83E2C00A94BB1 /* Frameworks */ = {
			isa = PBXFrameworksBuildPhase;
			buildActionMask = 2147483647;
			files = (
			);
			runOnlyForDeploymentPostprocessing = 0;
		};
/* End PBXFrameworksBuildPhase section */

/* Begin PBXGroup section */
		3CE374701BB83E2C00A94BB1 = {
			isa = PBXGroup;
			children = (
				3CE3747B1BB83E2C00A94BB1 /* TicTacToe */,
				3CE374901BB83E2C00A94BB1 /* TicTacToeTests */,
				3CE3749B1BB83E2C00A94BB1 /* TicTacToeUITests */,
				3CE3747A1BB83E2C00A94BB1 /* Products */,
			);
			sourceTree = "<group>";
		};
		3CE3747A1BB83E2C00A94BB1 /* Products */ = {
			isa = PBXGroup;
			children = (
				3CE374791BB83E2C00A94BB1 /* TicTacToe.app */,
				3CE3748D1BB83E2C00A94BB1 /* TicTacToeTests.xctest */,
				3CE374981BB83E2C00A94BB1 /* TicTacToeUITests.xctest */,
			);
			name = Products;
			sourceTree = "<group>";
		};
		3CE3747B1BB83E2C00A94BB1 /* TicTacToe */ = {
			isa = PBXGroup;
			children = (
				3CE374AA1BB83E5500A94BB1 /* board.png */,
				3CE374AC1BB83E6700A94BB1 /* cross.png */,
				3CE374AD1BB83E6700A94BB1 /* nought.png */,
				3CE3747C1BB83E2C00A94BB1 /* AppDelegate.swift */,
				3CE3747E1BB83E2C00A94BB1 /* ViewController.swift */,
				3CE374801BB83E2C00A94BB1 /* Main.storyboard */,
				3CE374831BB83E2C00A94BB1 /* Assets.xcassets */,
				3CE374851BB83E2C00A94BB1 /* LaunchScreen.storyboard */,
				3CE374881BB83E2C00A94BB1 /* Info.plist */,
			);
			path = TicTacToe;
			sourceTree = "<group>";
		};
		3CE374901BB83E2C00A94BB1 /* TicTacToeTests */ = {
			isa = PBXGroup;
			children = (
				3CE374911BB83E2C00A94BB1 /* TicTacToeTests.swift */,
				3CE374931BB83E2C00A94BB1 /* Info.plist */,
			);
			path = TicTacToeTests;
			sourceTree = "<group>";
		};
		3CE3749B1BB83E2C00A94BB1 /* TicTacToeUITests */ = {
			isa = PBXGroup;
			children = (
				3CE3749C1BB83E2C00A94BB1 /* TicTacToeUITests.swift */,
				3CE3749E1BB83E2C00A94BB1 /* Info.plist */,
			);
			path = TicTacToeUITests;
			sourceTree = "<group>";
		};
/* End PBXGroup section */

/* Begin PBXNativeTarget section */
		3CE374781BB83E2C00A94BB1 /* TicTacToe */ = {
			isa = PBXNativeTarget;
			buildConfigurationList = 3CE374A11BB83E2C00A94BB1 /* Build configuration list for PBXNativeTarget "TicTacToe" */;
			buildPhases = (
				3CE374751BB83E2C00A94BB1 /* Sources */,
				3CE374761BB83E2C00A94BB1 /* Frameworks */,
				3CE374771BB83E2C00A94BB1 /* Resources */,
			);
			buildRules = (
			);
			dependencies = (
			);
			name = TicTacToe;
			productName = TicTacToe;
			productReference = 3CE374791BB83E2C00A94BB1 /* TicTacToe.app */;
			productType = "com.apple.product-type.application";
		};
		3CE3748C1BB83E2C00A94BB1 /* TicTacToeTests */ = {
			isa = PBXNativeTarget;
			buildConfigurationList = 3CE374A41BB83E2C00A94BB1 /* Build configuration list for PBXNativeTarget "TicTacToeTests" */;
			buildPhases = (
				3CE374891BB83E2C00A94BB1 /* Sources */,
				3CE3748A1BB83E2C00A94BB1 /* Frameworks */,
				3CE3748B1BB83E2C00A94BB1 /* Resources */,
			);
			buildRules = (
			);
			dependencies = (
				3CE3748F1BB83E2C00A94BB1 /* PBXTargetDependency */,
			);
			name = TicTacToeTests;
			productName = TicTacToeTests;
			productReference = 3CE3748D1BB83E2C00A94BB1 /* TicTacToeTests.xctest */;
			productType = "com.apple.product-type.bundle.unit-test";
		};
		3CE374971BB83E2C00A94BB1 /* TicTacToeUITests */ = {
			isa = PBXNativeTarget;
			buildConfigurationList = 3CE374A71BB83E2C00A94BB1 /* Build configuration list for PBXNativeTarget "TicTacToeUITests" */;
			buildPhases = (
				3CE374941BB83E2C00A94BB1 /* Sources */,
				3CE374951BB83E2C00A94BB1 /* Frameworks */,
				3CE374961BB83E2C00A94BB1 /* Resources */,
			);
			buildRules = (
			);
			dependencies = (
				3CE3749A1BB83E2C00A94BB1 /* PBXTargetDependency */,
			);
			name = TicTacToeUITests;
			productName = TicTacToeUITests;
			productReference = 3CE374981BB83E2C00A94BB1 /* TicTacToeUITests.xctest */;
			productType = "com.apple.product-type.bundle.ui-testing";
		};
/* End PBXNativeTarget section */

/* Begin PBXProject section */
		3CE374711BB83E2C00A94BB1 /* Project object */ = {
			isa = PBXProject;
			attributes = {
				LastUpgradeCheck = 0700;
				ORGANIZATIONNAME = Talg;
				TargetAttributes = {
					3CE374781BB83E2C00A94BB1 = {
						CreatedOnToolsVersion = 7.0;
					};
					3CE3748C1BB83E2C00A94BB1 = {
						CreatedOnToolsVersion = 7.0;
						TestTargetID = 3CE374781BB83E2C00A94BB1;
					};
					3CE374971BB83E2C00A94BB1 = {
						CreatedOnToolsVersion = 7.0;
						TestTargetID = 3CE374781BB83E2C00A94BB1;
					};
				};
			};
			buildConfigurationList = 3CE374741BB83E2C00A94BB1 /* Build configuration list for PBXProject "TicTacToe" */;
			compatibilityVersion = "Xcode 3.2";
			developmentRegion = English;
			hasScannedForEncodings = 0;
			knownRegions = (
				en,
				Base,
			);
			mainGroup = 3CE374701BB83E2C00A94BB1;
			productRefGroup = 3CE3747A1BB83E2C00A94BB1 /* Products */;
			projectDirPath = "";
			projectRoot = "";
			targets = (
				3CE374781BB83E2C00A94BB1 /* TicTacToe */,
				3CE3748C1BB83E2C00A94BB1 /* TicTacToeTests */,
				3CE374971BB83E2C00A94BB1 /* TicTacToeUITests */,
			);
		};
/* End PBXProject section */

/* Begin PBXResourcesBuildPhase section */
		3CE374771BB83E2C00A94BB1 /* Resources */ = {
			isa = PBXResourcesBuildPhase;
			buildActionMask = 2147483647;
			files = (
				3CE374AE1BB83E6700A94BB1 /* cross.png in Resources */,
				3CE374AB1BB83E5500A94BB1 /* board.png in Resources */,
				3CE374AF1BB83E6700A94BB1 /* nought.png in Resources */,
				3CE374871BB83E2C00A94BB1 /* LaunchScreen.storyboard in Resources */,
				3CE374841BB83E2C00A94BB1 /* Assets.xcassets in Resources */,
				3CE374821BB83E2C00A94BB1 /* Main.storyboard in Resources */,
			);
			runOnlyForDeploymentPostprocessing = 0;
		};
		3CE3748B1BB83E2C00A94BB1 /* Resources */ = {
			isa = PBXResourcesBuildPhase;
			buildActionMask = 2147483647;
			files = (
			);
			runOnlyForDeploymentPostprocessing = 0;
		};
		3CE374961BB83E2C00A94BB1 /* Resources */ = {
			isa = PBXResourcesBuildPhase;
			buildActionMask = 2147483647;
			files = (
			);
			runOnlyForDeploymentPostprocessing = 0;
		};
/* End PBXResourcesBuildPhase section */

/* Begin PBXSourcesBuildPhase section */
		3CE374751BB83E2C00A94BB1 /* Sources */ = {
			isa = PBXSourcesBuildPhase;
			buildActionMask = 2147483647;
			files = (
				3CE3747F1BB83E2C00A94BB1 /* ViewController.swift in Sources */,
				3CE3747D1BB83E2C00A94BB1 /* AppDelegate.swift in Sources */,
			);
			runOnlyForDeploymentPostprocessing = 0;
		};
		3CE374891BB83E2C00A94BB1 /* Sources */ = {
			isa = PBXSourcesBuildPhase;
			buildActionMask = 2147483647;
			files = (
				3CE374921BB83E2C00A94BB1 /* TicTacToeTests.swift in Sources */,
			);
			runOnlyForDeploymentPostprocessing = 0;
		};
		3CE374941BB83E2C00A94BB1 /* Sources */ = {
			isa = PBXSourcesBuildPhase;
			buildActionMask = 2147483647;
			files = (
				3CE3749D1BB83E2C00A94BB1 /* TicTacToeUITests.swift in Sources */,
			);
			runOnlyForDeploymentPostprocessing = 0;
		};
/* End PBXSourcesBuildPhase section */

/* Begin PBXTargetDependency section */
		3CE3748F1BB83E2C00A94BB1 /* PBXTargetDependency */ = {
			isa = PBXTargetDependency;
			target = 3CE374781BB83E2C00A94BB1 /* TicTacToe */;
			targetProxy = 3CE3748E1BB83E2C00A94BB1 /* PBXContainerItemProxy */;
		};
		3CE3749A1BB83E2C00A94BB1 /* PBXTargetDependency */ = {
			isa = PBXTargetDependency;
			target = 3CE374781BB83E2C00A94BB1 /* TicTacToe */;
			targetProxy = 3CE374991BB83E2C00A94BB1 /* PBXContainerItemProxy */;
		};
/* End PBXTargetDependency section */

/* Begin PBXVariantGroup section */
		3CE374801BB83E2C00A94BB1 /* Main.storyboard */ = {
			isa = PBXVariantGroup;
			children = (
				3CE374811BB83E2C00A94BB1 /* Base */,
			);
			name = Main.storyboard;
			sourceTree = "<group>";
		};
		3CE374851BB83E2C00A94BB1 /* LaunchScreen.storyboard */ = {
			isa = PBXVariantGroup;
			children = (
				3CE374861BB83E2C00A94BB1 /* Base */,
			);
			name = LaunchScreen.storyboard;
			sourceTree = "<group>";
		};
/* End PBXVariantGroup section */

/* Begin XCBuildConfiguration section */
		3CE3749F1BB83E2C00A94BB1 /* Debug */ = {
			isa = XCBuildConfiguration;
			buildSettings = {
				ALWAYS_SEARCH_USER_PATHS = NO;
				CLANG_CXX_LANGUAGE_STANDARD = "gnu++0x";
				CLANG_CXX_LIBRARY = "libc++";
				CLANG_ENABLE_MODULES = YES;
				CLANG_ENABLE_OBJC_ARC = YES;
				CLANG_WARN_BOOL_CONVERSION = YES;
				CLANG_WARN_CONSTANT_CONVERSION = YES;
				CLANG_WARN_DIRECT_OBJC_ISA_USAGE = YES_ERROR;
				CLANG_WARN_EMPTY_BODY = YES;
				CLANG_WARN_ENUM_CONVERSION = YES;
				CLANG_WARN_INT_CONVERSION = YES;
				CLANG_WARN_OBJC_ROOT_CLASS = YES_ERROR;
				CLANG_WARN_UNREACHABLE_CODE = YES;
				CLANG_WARN__DUPLICATE_METHOD_MATCH = YES;
				"CODE_SIGN_IDENTITY[sdk=iphoneos*]" = "iPhone Developer";
				COPY_PHASE_STRIP = NO;
				DEBUG_INFORMATION_FORMAT = dwarf;
				ENABLE_STRICT_OBJC_MSGSEND = YES;
				ENABLE_TESTABILITY = YES;
				GCC_C_LANGUAGE_STANDARD = gnu99;
				GCC_DYNAMIC_NO_PIC = NO;
				GCC_NO_COMMON_BLOCKS = YES;
				GCC_OPTIMIZATION_LEVEL = 0;
				GCC_PREPROCESSOR_DEFINITIONS = (
					"DEBUG=1",
					"$(inherited)",
				);
				GCC_WARN_64_TO_32_BIT_CONVERSION = YES;
				GCC_WARN_ABOUT_RETURN_TYPE = YES_ERROR;
				GCC_WARN_UNDECLARED_SELECTOR = YES;
				GCC_WARN_UNINITIALIZED_AUTOS = YES_AGGRESSIVE;
				GCC_WARN_UNUSED_FUNCTION = YES;
				GCC_WARN_UNUSED_VARIABLE = YES;
				IPHONEOS_DEPLOYMENT_TARGET = 9.0;
				MTL_ENABLE_DEBUG_INFO = YES;
				ONLY_ACTIVE_ARCH = YES;
				SDKROOT = iphoneos;
				SWIFT_OPTIMIZATION_LEVEL = "-Onone";
			};
			name = Debug;
		};
		3CE374A01BB83E2C00A94BB1 /* Release */ = {
			isa = XCBuildConfiguration;
			buildSettings = {
				ALWAYS_SEARCH_USER_PATHS = NO;
				CLANG_CXX_LANGUAGE_STANDARD = "gnu++0x";
				CLANG_CXX_LIBRARY = "libc++";
				CLANG_ENABLE_MODULES = YES;
				CLANG_ENABLE_OBJC_ARC = YES;
				CLANG_WARN_BOOL_CONVERSION = YES;
				CLANG_WARN_CONSTANT_CONVERSION = YES;
				CLANG_WARN_DIRECT_OBJC_ISA_USAGE = YES_ERROR;
				CLANG_WARN_EMPTY_BODY = YES;
				CLANG_WARN_ENUM_CONVERSION = YES;
				CLANG_WARN_INT_CONVERSION = YES;
				CLANG_WARN_OBJC_ROOT_CLASS = YES_ERROR;
				CLANG_WARN_UNREACHABLE_CODE = YES;
				CLANG_WARN__DUPLICATE_METHOD_MATCH = YES;
				"CODE_SIGN_IDENTITY[sdk=iphoneos*]" = "iPhone Developer";
				COPY_PHASE_STRIP = NO;
				DEBUG_INFORMATION_FORMAT = "dwarf-with-dsym";
				ENABLE_NS_ASSERTIONS = NO;
				ENABLE_STRICT_OBJC_MSGSEND = YES;
				GCC_C_LANGUAGE_STANDARD = gnu99;
				GCC_NO_COMMON_BLOCKS = YES;
				GCC_WARN_64_TO_32_BIT_CONVERSION = YES;
				GCC_WARN_ABOUT_RETURN_TYPE = YES_ERROR;
				GCC_WARN_UNDECLARED_SELECTOR = YES;
				GCC_WARN_UNINITIALIZED_AUTOS = YES_AGGRESSIVE;
				GCC_WARN_UNUSED_FUNCTION = YES;
				GCC_WARN_UNUSED_VARIABLE = YES;
				IPHONEOS_DEPLOYMENT_TARGET = 9.0;
				MTL_ENABLE_DEBUG_INFO = NO;
				SDKROOT = iphoneos;
				VALIDATE_PRODUCT = YES;
			};
			name = Release;
		};
		3CE374A21BB83E2C00A94BB1 /* Debug */ = {
			isa = XCBuildConfiguration;
			buildSettings = {
				ASSETCATALOG_COMPILER_APPICON_NAME = AppIcon;
				INFOPLIST_FILE = TicTacToe/Info.plist;
				LD_RUNPATH_SEARCH_PATHS = "$(inherited) @executable_path/Frameworks";
				PRODUCT_BUNDLE_IDENTIFIER = de.talg.TicTacToe;
				PRODUCT_NAME = "$(TARGET_NAME)";
			};
			name = Debug;
		};
		3CE374A31BB83E2C00A94BB1 /* Release */ = {
			isa = XCBuildConfiguration;
			buildSettings = {
				ASSETCATALOG_COMPILER_APPICON_NAME = AppIcon;
				INFOPLIST_FILE = TicTacToe/Info.plist;
				LD_RUNPATH_SEARCH_PATHS = "$(inherited) @executable_path/Frameworks";
				PRODUCT_BUNDLE_IDENTIFIER = de.talg.TicTacToe;
				PRODUCT_NAME = "$(TARGET_NAME)";
			};
			name = Release;
		};
		3CE374A51BB83E2C00A94BB1 /* Debug */ = {
			isa = XCBuildConfiguration;
			buildSettings = {
				BUNDLE_LOADER = "$(TEST_HOST)";
				INFOPLIST_FILE = TicTacToeTests/Info.plist;
				LD_RUNPATH_SEARCH_PATHS = "$(inherited) @executable_path/Frameworks @loader_path/Frameworks";
				PRODUCT_BUNDLE_IDENTIFIER = de.talg.TicTacToeTests;
				PRODUCT_NAME = "$(TARGET_NAME)";
				TEST_HOST = "$(BUILT_PRODUCTS_DIR)/TicTacToe.app/TicTacToe";
			};
			name = Debug;
		};
		3CE374A61BB83E2C00A94BB1 /* Release */ = {
			isa = XCBuildConfiguration;
			buildSettings = {
				BUNDLE_LOADER = "$(TEST_HOST)";
				INFOPLIST_FILE = TicTacToeTests/Info.plist;
				LD_RUNPATH_SEARCH_PATHS = "$(inherited) @executable_path/Frameworks @loader_path/Frameworks";
				PRODUCT_BUNDLE_IDENTIFIER = de.talg.TicTacToeTests;
				PRODUCT_NAME = "$(TARGET_NAME)";
				TEST_HOST = "$(BUILT_PRODUCTS_DIR)/TicTacToe.app/TicTacToe";
			};
			name = Release;
		};
		3CE374A81BB83E2C00A94BB1 /* Debug */ = {
			isa = XCBuildConfiguration;
			buildSettings = {
				INFOPLIST_FILE = TicTacToeUITests/Info.plist;
				LD_RUNPATH_SEARCH_PATHS = "$(inherited) @executable_path/Frameworks @loader_path/Frameworks";
				PRODUCT_BUNDLE_IDENTIFIER = de.talg.TicTacToeUITests;
				PRODUCT_NAME = "$(TARGET_NAME)";
				TEST_TARGET_NAME = TicTacToe;
				USES_XCTRUNNER = YES;
			};
			name = Debug;
		};
		3CE374A91BB83E2C00A94BB1 /* Release */ = {
			isa = XCBuildConfiguration;
			buildSettings = {
				INFOPLIST_FILE = TicTacToeUITests/Info.plist;
				LD_RUNPATH_SEARCH_PATHS = "$(inherited) @executable_path/Frameworks @loader_path/Frameworks";
				PRODUCT_BUNDLE_IDENTIFIER = de.talg.TicTacToeUITests;
				PRODUCT_NAME = "$(TARGET_NAME)";
				TEST_TARGET_NAME = TicTacToe;
				USES_XCTRUNNER = YES;
			};
			name = Release;
		};
/* End XCBuildConfiguration section */

/* Begin XCConfigurationList section */
		3CE374741BB83E2C00A94BB1 /* Build configuration list for PBXProject "TicTacToe" */ = {
			isa = XCConfigurationList;
			buildConfigurations = (
				3CE3749F1BB83E2C00A94BB1 /* Debug */,
				3CE374A01BB83E2C00A94BB1 /* Release */,
			);
			defaultConfigurationIsVisible = 0;
			defaultConfigurationName = Release;
		};
		3CE374A11BB83E2C00A94BB1 /* Build configuration list for PBXNativeTarget "TicTacToe" */ = {
			isa = XCConfigurationList;
			buildConfigurations = (
				3CE374A21BB83E2C00A94BB1 /* Debug */,
				3CE374A31BB83E2C00A94BB1 /* Release */,
			);
			defaultConfigurationIsVisible = 0;
		};
		3CE374A41BB83E2C00A94BB1 /* Build configuration list for PBXNativeTarget "TicTacToeTests" */ = {
			isa = XCConfigurationList;
			buildConfigurations = (
				3CE374A51BB83E2C00A94BB1 /* Debug */,
				3CE374A61BB83E2C00A94BB1 /* Release */,
			);
			defaultConfigurationIsVisible = 0;
		};
		3CE374A71BB83E2C00A94BB1 /* Build configuration list for PBXNativeTarget "TicTacToeUITests" */ = {
			isa = XCConfigurationList;
			buildConfigurations = (
				3CE374A81BB83E2C00A94BB1 /* Debug */,
				3CE374A91BB83E2C00A94BB1 /* Release */,
			);
			defaultConfigurationIsVisible = 0;
		};
/* End XCConfigurationList section */
	};
	rootObject = 3CE374711BB83E2C00A94BB1 /* Project object */;
}
